
Microsoft Visual Studio Solution File, Format Version 12.00
# Visual Studio 15
VisualStudioVersion = 15.0.27703.2035
MinimumVisualStudioVersion = 10.0.40219.1
Project("{FAE04EC0-301F-11D3-BF4B-00C04F79EFBC}") = "EFCoreRevEngScaffolder", "EFCoreRevEngScaffolder\EFCoreRevEngScaffolder.csproj", "{9520A56A-6B5E-409F-8D9C-9AD17E1D70EF}"
EndProject
Global
	GlobalSection(SolutionConfigurationPlatforms) = preSolution
		Debug|Any CPU = Debug|Any CPU
		Release|Any CPU = Release|Any CPU
	EndGlobalSection
	GlobalSection(ProjectConfigurationPlatforms) = postSolution
		{9520A56A-6B5E-409F-8D9C-9AD17E1D70EF}.Debug|Any CPU.ActiveCfg = Debug|Any CPU
		{9520A56A-6B5E-409F-8D9C-9AD17E1D70EF}.Debug|Any CPU.Build.0 = Debug|Any CPU
		{9520A56A-6B5E-409F-8D9C-9AD17E1D70EF}.Release|Any CPU.ActiveCfg = Release|Any CPU
		{9520A56A-6B5E-409F-8D9C-9AD17E1D70EF}.Release|Any CPU.Build.0 = Release|Any CPU
	EndGlobalSection
	GlobalSection(SolutionProperties) = preSolution
		HideSolutionNode = FALSE
	EndGlobalSection
	GlobalSection(ExtensibilityGlobals) = postSolution
		SolutionGuid = {19E35685-9744-4DAF-9312-18DA959D0FD2}
	EndGlobalSection
EndGlobal
